
Microsoft Visual Studio Solution File, Format Version 12.00
# Visual Studio 14
VisualStudioVersion = 14.0.25420.1
MinimumVisualStudioVersion = 10.0.40219.1
Project("{FAE04EC0-301F-11D3-BF4B-00C04F79EFBC}") = "StarPixel", "StarPixel.csproj", "{0CF18E99-8F09-4514-8B53-9E0B503E54B8}"
EndProject
Project("{FAE04EC0-301F-11D3-BF4B-00C04F79EFBC}") = "StarPixelContent", "..\StarPixelContent\StarPixelContent.contentproj", "{AE4C6524-9813-4E93-B772-F155E65467B6}"
EndProject
Global
	GlobalSection(Performance) = preSolution
		HasPerformanceSessions = true
	EndGlobalSection
	GlobalSection(SolutionConfigurationPlatforms) = preSolution
		Debug|x86 = Debug|x86
		Release|x86 = Release|x86
	EndGlobalSection
	GlobalSection(ProjectConfigurationPlatforms) = postSolution
		{0CF18E99-8F09-4514-8B53-9E0B503E54B8}.Debug|x86.ActiveCfg = Debug|x86
		{0CF18E99-8F09-4514-8B53-9E0B503E54B8}.Debug|x86.Build.0 = Debug|x86
		{0CF18E99-8F09-4514-8B53-9E0B503E54B8}.Release|x86.ActiveCfg = Release|x86
		{0CF18E99-8F09-4514-8B53-9E0B503E54B8}.Release|x86.Build.0 = Release|x86
		{AE4C6524-9813-4E93-B772-F155E65467B6}.Debug|x86.ActiveCfg = Debug|x86
		{AE4C6524-9813-4E93-B772-F155E65467B6}.Release|x86.ActiveCfg = Release|x86
	EndGlobalSection
	GlobalSection(SolutionProperties) = preSolution
		HideSolutionNode = FALSE
	EndGlobalSection
EndGlobal
